
Microsoft Visual Studio Solution File, Format Version 12.00
# Visual Studio Version 16
VisualStudioVersion = 16.0.32602.291
MinimumVisualStudioVersion = 10.0.40219.1
Project("{FAE04EC0-301F-11D3-BF4B-00C04F79EFBC}") = "5Ti_OpérationMatrice_FranckenLouis", "5Ti_OpérationMatrice_FranckenLouis.csproj", "{78CFA980-FD79-40A6-AA0E-B719F2500948}"
EndProject
Global
	GlobalSection(SolutionConfigurationPlatforms) = preSolution
		Debug|Any CPU = Debug|Any CPU
		Release|Any CPU = Release|Any CPU
	EndGlobalSection
	GlobalSection(ProjectConfigurationPlatforms) = postSolution
		{78CFA980-FD79-40A6-AA0E-B719F2500948}.Debug|Any CPU.ActiveCfg = Debug|Any CPU
		{78CFA980-FD79-40A6-AA0E-B719F2500948}.Debug|Any CPU.Build.0 = Debug|Any CPU
		{78CFA980-FD79-40A6-AA0E-B719F2500948}.Release|Any CPU.ActiveCfg = Release|Any CPU
		{78CFA980-FD79-40A6-AA0E-B719F2500948}.Release|Any CPU.Build.0 = Release|Any CPU
	EndGlobalSection
	GlobalSection(SolutionProperties) = preSolution
		HideSolutionNode = FALSE
	EndGlobalSection
	GlobalSection(ExtensibilityGlobals) = postSolution
		SolutionGuid = {ECDF25FD-2931-40B4-9332-350F5F8BDD2C}
	EndGlobalSection
EndGlobal
