
Microsoft Visual Studio Solution File, Format Version 12.00
# Visual Studio Version 16
VisualStudioVersion = 16.0.32602.291
MinimumVisualStudioVersion = 10.0.40219.1
Project("{FAE04EC0-301F-11D3-BF4B-00C04F79EFBC}") = "Ce1UAA11_2022_FranckenLouis", "Ce1UAA11_2022_FranckenLouis.csproj", "{B2C2AFDB-E0DE-455D-8F41-96C31FE8DFEA}"
EndProject
Global
	GlobalSection(SolutionConfigurationPlatforms) = preSolution
		Debug|Any CPU = Debug|Any CPU
		Release|Any CPU = Release|Any CPU
	EndGlobalSection
	GlobalSection(ProjectConfigurationPlatforms) = postSolution
		{B2C2AFDB-E0DE-455D-8F41-96C31FE8DFEA}.Debug|Any CPU.ActiveCfg = Debug|Any CPU
		{B2C2AFDB-E0DE-455D-8F41-96C31FE8DFEA}.Debug|Any CPU.Build.0 = Debug|Any CPU
		{B2C2AFDB-E0DE-455D-8F41-96C31FE8DFEA}.Release|Any CPU.ActiveCfg = Release|Any CPU
		{B2C2AFDB-E0DE-455D-8F41-96C31FE8DFEA}.Release|Any CPU.Build.0 = Release|Any CPU
	EndGlobalSection
	GlobalSection(SolutionProperties) = preSolution
		HideSolutionNode = FALSE
	EndGlobalSection
	GlobalSection(ExtensibilityGlobals) = postSolution
		SolutionGuid = {8B5069AE-287F-43B0-A4CB-39C436A6A5DA}
	EndGlobalSection
EndGlobal
