
Microsoft Visual Studio Solution File, Format Version 12.00
# Visual Studio Version 16
VisualStudioVersion = 16.0.32602.291
MinimumVisualStudioVersion = 10.0.40219.1
Project("{FAE04EC0-301F-11D3-BF4B-00C04F79EFBC}") = "IMATP5_FranckenLouis", "IMATP5_FranckenLouis.csproj", "{373E520E-3615-4B8A-82E6-69CD69B84351}"
EndProject
Global
	GlobalSection(SolutionConfigurationPlatforms) = preSolution
		Debug|Any CPU = Debug|Any CPU
		Release|Any CPU = Release|Any CPU
	EndGlobalSection
	GlobalSection(ProjectConfigurationPlatforms) = postSolution
		{373E520E-3615-4B8A-82E6-69CD69B84351}.Debug|Any CPU.ActiveCfg = Debug|Any CPU
		{373E520E-3615-4B8A-82E6-69CD69B84351}.Debug|Any CPU.Build.0 = Debug|Any CPU
		{373E520E-3615-4B8A-82E6-69CD69B84351}.Release|Any CPU.ActiveCfg = Release|Any CPU
		{373E520E-3615-4B8A-82E6-69CD69B84351}.Release|Any CPU.Build.0 = Release|Any CPU
	EndGlobalSection
	GlobalSection(SolutionProperties) = preSolution
		HideSolutionNode = FALSE
	EndGlobalSection
	GlobalSection(ExtensibilityGlobals) = postSolution
		SolutionGuid = {EC06EAAD-4FEE-40F6-B73E-3AE167566344}
	EndGlobalSection
EndGlobal
